// !$*UTF8*$!
{
	archiveVersion = 1;
	classes = {
	};
	objectVersion = 46;
	objects = {

/* Begin PBXFileReference section */
		D52E1DCE14B2983E00C2C897 /* .gitignore */ = {isa = PBXFileReference; fileEncoding = 4; lastKnownFileType = text; path = .gitignore; sourceTree = "<group>"; };
		D558251814B28E6300AC4558 /* Makefile */ = {isa = PBXFileReference; fileEncoding = 4; lastKnownFileType = sourcecode.make; path = Makefile; sourceTree = "<group>"; };
		D558252214B2965500AC4558 /* README.md */ = {isa = PBXFileReference; fileEncoding = 4; lastKnownFileType = text; path = README.md; sourceTree = "<group>"; };
		D5E36EC614AB7DD4003623BC /* ABSTRSYN.PCO */ = {isa = PBXFileReference; fileEncoding = 4; lastKnownFileType = text; path = ABSTRSYN.PCO; sourceTree = "<group>"; xcLanguageSpecificationIdentifier = xcode.lang.csh; };
		D5E36EC714AB7DD4003623BC /* CASE.PCO */ = {isa = PBXFileReference; fileEncoding = 4; lastKnownFileType = text; path = CASE.PCO; sourceTree = "<group>"; xcLanguageSpecificationIdentifier = xcode.lang.csh; };
		D5E36EC814AB7DD4003623BC /* CONCRSYN.PCO */ = {isa = PBXFileReference; fileEncoding = 4; lastKnownFileType = text; path = CONCRSYN.PCO; sourceTree = "<group>"; xcLanguageSpecificationIdentifier = xcode.lang.csh; };
		D5E36EC914AB7DD4003623BC /* DICT.PCO */ = {isa = PBXFileReference; fileEncoding = 4; lastKnownFileType = text; path = DICT.PCO; sourceTree = "<group>"; xcLanguageSpecificationIdentifier = xcode.lang.csh; };
		D5E36ECA14AB7DD4003623BC /* EVAL.PCO */ = {isa = PBXFileReference; fileEncoding = 4; lastKnownFileType = text; path = EVAL.PCO; sourceTree = "<group>"; xcLanguageSpecificationIdentifier = xcode.lang.csh; };
		D5E36ECB14AB7DD4003623BC /* GLOBAL.PCO */ = {isa = PBXFileReference; fileEncoding = 4; lastKnownFileType = text; path = GLOBAL.PCO; sourceTree = "<group>"; xcLanguageSpecificationIdentifier = xcode.lang.csh; };
		D5E36ECC14AB7DD4003623BC /* GRAMMAR.PCO */ = {isa = PBXFileReference; fileEncoding = 4; lastKnownFileType = text; path = GRAMMAR.PCO; sourceTree = "<group>"; xcLanguageSpecificationIdentifier = xcode.lang.csh; };
		D5E36ECD14AB7DD4003623BC /* MAKE.PCO */ = {isa = PBXFileReference; fileEncoding = 4; lastKnownFileType = text; path = MAKE.PCO; sourceTree = "<group>"; xcLanguageSpecificationIdentifier = xcode.lang.csh; };
		D5E36ECE14AB7DD4003623BC /* PICO.PCO */ = {isa = PBXFileReference; fileEncoding = 4; lastKnownFileType = text; path = PICO.PCO; sourceTree = "<group>"; xcLanguageSpecificationIdentifier = xcode.lang.csh; };
		D5E36ECF14AB7DD4003623BC /* PRINT.PCO */ = {isa = PBXFileReference; fileEncoding = 4; lastKnownFileType = text; path = PRINT.PCO; sourceTree = "<group>"; xcLanguageSpecificationIdentifier = xcode.lang.csh; };
		D5E36ED014AB7DD4003623BC /* READ.PCO */ = {isa = PBXFileReference; fileEncoding = 4; lastKnownFileType = text; path = READ.PCO; sourceTree = "<group>"; xcLanguageSpecificationIdentifier = xcode.lang.csh; };
		D5E36ED114AB7DD4003623BC /* SCAN.PCO */ = {isa = PBXFileReference; fileEncoding = 4; lastKnownFileType = text; path = SCAN.PCO; sourceTree = "<group>"; xcLanguageSpecificationIdentifier = xcode.lang.csh; };
/* End PBXFileReference section */

/* Begin PBXGroup section */
		D5E36EB914AB7DBB003623BC = {
			isa = PBXGroup;
			children = (
				D558252214B2965500AC4558 /* README.md */,
				D52E1DCE14B2983E00C2C897 /* .gitignore */,
				D558251814B28E6300AC4558 /* Makefile */,
				D5E36EC614AB7DD4003623BC /* ABSTRSYN.PCO */,
				D5E36EC714AB7DD4003623BC /* CASE.PCO */,
				D5E36EC814AB7DD4003623BC /* CONCRSYN.PCO */,
				D5E36EC914AB7DD4003623BC /* DICT.PCO */,
				D5E36ECA14AB7DD4003623BC /* EVAL.PCO */,
				D5E36ECB14AB7DD4003623BC /* GLOBAL.PCO */,
				D5E36ECC14AB7DD4003623BC /* GRAMMAR.PCO */,
				D5E36ECD14AB7DD4003623BC /* MAKE.PCO */,
				D5E36ECE14AB7DD4003623BC /* PICO.PCO */,
				D5E36ECF14AB7DD4003623BC /* PRINT.PCO */,
				D5E36ED014AB7DD4003623BC /* READ.PCO */,
				D5E36ED114AB7DD4003623BC /* SCAN.PCO */,
			);
			sourceTree = "<group>";
		};
/* End PBXGroup section */

/* Begin PBXLegacyTarget section */
		D55824FF14B27E3D00AC4558 /* MetaPico */ = {
			isa = PBXLegacyTarget;
			buildArgumentsString = Xcode;
			buildConfigurationList = D558250014B27E3D00AC4558 /* Build configuration list for PBXLegacyTarget "MetaPico" */;
			buildPhases = (
			);
			buildToolPath = make;
			buildWorkingDirectory = "";
			dependencies = (
			);
			name = MetaPico;
			passBuildSettingsInEnvironment = 0;
			productName = MetaPico;
		};
/* End PBXLegacyTarget section */

/* Begin PBXProject section */
		D5E36EBB14AB7DBB003623BC /* Project object */ = {
			isa = PBXProject;
			attributes = {
				LastUpgradeCheck = 0420;
				ORGANIZATIONNAME = "Vrije Universiteit Brussel";
			};
			buildConfigurationList = D5E36EBE14AB7DBB003623BC /* Build configuration list for PBXProject "MetaPico" */;
			compatibilityVersion = "Xcode 3.2";
			developmentRegion = English;
			hasScannedForEncodings = 0;
			knownRegions = (
				en,
			);
			mainGroup = D5E36EB914AB7DBB003623BC;
			productRefGroup = D5E36EB914AB7DBB003623BC;
			projectDirPath = "";
			projectRoot = "";
			targets = (
				D55824FF14B27E3D00AC4558 /* MetaPico */,
			);
		};
/* End PBXProject section */

/* Begin XCBuildConfiguration section */
		D558250114B27E3D00AC4558 /* Debug */ = {
			isa = XCBuildConfiguration;
			buildSettings = {
				DEBUGGING_SYMBOLS = YES;
				GCC_GENERATE_DEBUGGING_SYMBOLS = YES;
				GCC_OPTIMIZATION_LEVEL = 0;
				OTHER_CFLAGS = "";
				OTHER_LDFLAGS = "";
				PRODUCT_NAME = "$(TARGET_NAME)";
			};
			name = Debug;
		};
		D558250214B27E3D00AC4558 /* Release */ = {
			isa = XCBuildConfiguration;
			buildSettings = {
				OTHER_CFLAGS = "";
				OTHER_LDFLAGS = "";
				PRODUCT_NAME = "$(TARGET_NAME)";
			};
			name = Release;
		};
		D5E36EC114AB7DBB003623BC /* Debug */ = {
			isa = XCBuildConfiguration;
			buildSettings = {
				ALWAYS_SEARCH_USER_PATHS = NO;
				ARCHS = "$(ARCHS_STANDARD_64_BIT)";
				COPY_PHASE_STRIP = NO;
				GCC_C_LANGUAGE_STANDARD = gnu99;
				GCC_DYNAMIC_NO_PIC = NO;
				GCC_ENABLE_OBJC_EXCEPTIONS = YES;
				GCC_OPTIMIZATION_LEVEL = 0;
				GCC_PREPROCESSOR_DEFINITIONS = (
					"DEBUG=1",
					"$(inherited)",
				);
				GCC_SYMBOLS_PRIVATE_EXTERN = NO;
				GCC_VERSION = com.apple.compilers.llvm.clang.1_0;
				GCC_WARN_64_TO_32_BIT_CONVERSION = YES;
				GCC_WARN_ABOUT_MISSING_PROTOTYPES = YES;
				GCC_WARN_ABOUT_RETURN_TYPE = YES;
				GCC_WARN_UNUSED_VARIABLE = YES;
				MACOSX_DEPLOYMENT_TARGET = 10.7;
				ONLY_ACTIVE_ARCH = YES;
				SDKROOT = macosx;
			};
			name = Debug;
		};
		D5E36EC214AB7DBB003623BC /* Release */ = {
			isa = XCBuildConfiguration;
			buildSettings = {
				ALWAYS_SEARCH_USER_PATHS = NO;
				ARCHS = "$(ARCHS_STANDARD_64_BIT)";
				COPY_PHASE_STRIP = YES;
				DEBUG_INFORMATION_FORMAT = "dwarf-with-dsym";
				GCC_C_LANGUAGE_STANDARD = gnu99;
				GCC_ENABLE_OBJC_EXCEPTIONS = YES;
				GCC_VERSION = com.apple.compilers.llvm.clang.1_0;
				GCC_WARN_64_TO_32_BIT_CONVERSION = YES;
				GCC_WARN_ABOUT_MISSING_PROTOTYPES = YES;
				GCC_WARN_ABOUT_RETURN_TYPE = YES;
				GCC_WARN_UNUSED_VARIABLE = YES;
				MACOSX_DEPLOYMENT_TARGET = 10.7;
				SDKROOT = macosx;
			};
			name = Release;
		};
/* End XCBuildConfiguration section */

/* Begin XCConfigurationList section */
		D558250014B27E3D00AC4558 /* Build configuration list for PBXLegacyTarget "MetaPico" */ = {
			isa = XCConfigurationList;
			buildConfigurations = (
				D558250114B27E3D00AC4558 /* Debug */,
				D558250214B27E3D00AC4558 /* Release */,
			);
			defaultConfigurationIsVisible = 0;
			defaultConfigurationName = Release;
		};
		D5E36EBE14AB7DBB003623BC /* Build configuration list for PBXProject "MetaPico" */ = {
			isa = XCConfigurationList;
			buildConfigurations = (
				D5E36EC114AB7DBB003623BC /* Debug */,
				D5E36EC214AB7DBB003623BC /* Release */,
			);
			defaultConfigurationIsVisible = 0;
			defaultConfigurationName = Release;
		};
/* End XCConfigurationList section */
	};
	rootObject = D5E36EBB14AB7DBB003623BC /* Project object */;
}
